
Microsoft Visual Studio Solution File, Format Version 12.00
# Visual Studio Version 17
VisualStudioVersion = 17.7.34202.233
MinimumVisualStudioVersion = 10.0.40219.1
Project("{E24C65DC-7377-472B-9ABA-BC803B73C61A}") = "Orobux", "Orobux\", "{C3350F6B-B78A-4756-96B8-CD791755853C}"
	ProjectSection(WebsiteProperties) = preProject
		TargetFrameworkMoniker = ".NETFramework,Version%3Dv4.8"
		Debug.AspNetCompiler.VirtualPath = "/localhost_56714"
		Debug.AspNetCompiler.PhysicalPath = "Orobux\"
		Debug.AspNetCompiler.TargetPath = "PrecompiledWeb\localhost_56714\"
		Debug.AspNetCompiler.Updateable = "true"
		Debug.AspNetCompiler.ForceOverwrite = "true"
		Debug.AspNetCompiler.FixedNames = "false"
		Debug.AspNetCompiler.Debug = "True"
		Release.AspNetCompiler.VirtualPath = "/localhost_56714"
		Release.AspNetCompiler.PhysicalPath = "Orobux\"
		Release.AspNetCompiler.TargetPath = "PrecompiledWeb\localhost_56714\"
		Release.AspNetCompiler.Updateable = "true"
		Release.AspNetCompiler.ForceOverwrite = "true"
		Release.AspNetCompiler.FixedNames = "false"
		Release.AspNetCompiler.Debug = "False"
		VWDPort = "56714"
		SlnRelativePath = "Orobux\"
		DefaultWebSiteLanguage = "Visual C#"
	EndProjectSection
EndProject
Global
	GlobalSection(SolutionConfigurationPlatforms) = preSolution
		Debug|Any CPU = Debug|Any CPU
	EndGlobalSection
	GlobalSection(ProjectConfigurationPlatforms) = postSolution
		{C3350F6B-B78A-4756-96B8-CD791755853C}.Debug|Any CPU.ActiveCfg = Debug|Any CPU
		{C3350F6B-B78A-4756-96B8-CD791755853C}.Debug|Any CPU.Build.0 = Debug|Any CPU
	EndGlobalSection
	GlobalSection(SolutionProperties) = preSolution
		HideSolutionNode = FALSE
	EndGlobalSection
	GlobalSection(ExtensibilityGlobals) = postSolution
		SolutionGuid = {CB540E48-833D-46F4-B227-A1D319DBBADD}
	EndGlobalSection
EndGlobal
